
Microsoft Visual Studio Solution File, Format Version 12.00
# Visual Studio 15
VisualStudioVersion = 15.0.28307.106
MinimumVisualStudioVersion = 10.0.40219.1
Project("{FAE04EC0-301F-11D3-BF4B-00C04F79EFBC}") = "ClickClerk.Barangay", "ClickClerk.Barangay\ClickClerk.Barangay.csproj", "{A93A20BE-7502-4FC6-B1C3-7EB1B60E670C}"
EndProject
Global
	GlobalSection(SolutionConfigurationPlatforms) = preSolution
		Debug|Any CPU = Debug|Any CPU
		Release|Any CPU = Release|Any CPU
	EndGlobalSection
	GlobalSection(ProjectConfigurationPlatforms) = postSolution
		{A93A20BE-7502-4FC6-B1C3-7EB1B60E670C}.Debug|Any CPU.ActiveCfg = Debug|Any CPU
		{A93A20BE-7502-4FC6-B1C3-7EB1B60E670C}.Debug|Any CPU.Build.0 = Debug|Any CPU
		{A93A20BE-7502-4FC6-B1C3-7EB1B60E670C}.Release|Any CPU.ActiveCfg = Release|Any CPU
		{A93A20BE-7502-4FC6-B1C3-7EB1B60E670C}.Release|Any CPU.Build.0 = Release|Any CPU
	EndGlobalSection
	GlobalSection(SolutionProperties) = preSolution
		HideSolutionNode = FALSE
	EndGlobalSection
	GlobalSection(ExtensibilityGlobals) = postSolution
		SolutionGuid = {FC6A4858-828F-4247-9FD7-ED457D67B1A1}
	EndGlobalSection
EndGlobal
